
Microsoft Visual Studio Solution File, Format Version 12.00
Project("{FAE04EC0-301F-11D3-BF4B-00C04F79EFBC}") = "Fluke.CollectorAPI", "Fluke.CollectorAPI\Fluke.CollectorAPI.csproj", "{A409BB7C-27EB-4228-9879-FDBBAC9DB776}"
EndProject
Project("{FAE04EC0-301F-11D3-BF4B-00C04F79EFBC}") = "Fluke.Tests", "Fluke.Tests\Fluke.Tests.csproj", "{2A107EBD-6EE8-4439-9953-0BFC23E74D8F}"
EndProject
Project("{FAE04EC0-301F-11D3-BF4B-00C04F79EFBC}") = "Fluke.Core", "Fluke.Core\Fluke.Core.csproj", "{4369AE66-07B8-4479-AD32-FC2573A05091}"
EndProject
Project("{FAE04EC0-301F-11D3-BF4B-00C04F79EFBC}") = "Fluke.Core.Analytics", "Fluke.Core.Analytics\Fluke.Core.Analytics.csproj", "{25CCFD79-4235-4150-9816-769DC2E36B60}"
EndProject
Global
	GlobalSection(SolutionConfigurationPlatforms) = preSolution
		Debug|Any CPU = Debug|Any CPU
		Release|Any CPU = Release|Any CPU
	EndGlobalSection
	GlobalSection(ProjectConfigurationPlatforms) = postSolution
		{A409BB7C-27EB-4228-9879-FDBBAC9DB776}.Debug|Any CPU.ActiveCfg = Debug|Any CPU
		{A409BB7C-27EB-4228-9879-FDBBAC9DB776}.Debug|Any CPU.Build.0 = Debug|Any CPU
		{A409BB7C-27EB-4228-9879-FDBBAC9DB776}.Release|Any CPU.ActiveCfg = Release|Any CPU
		{A409BB7C-27EB-4228-9879-FDBBAC9DB776}.Release|Any CPU.Build.0 = Release|Any CPU
		{2A107EBD-6EE8-4439-9953-0BFC23E74D8F}.Debug|Any CPU.ActiveCfg = Debug|Any CPU
		{2A107EBD-6EE8-4439-9953-0BFC23E74D8F}.Debug|Any CPU.Build.0 = Debug|Any CPU
		{2A107EBD-6EE8-4439-9953-0BFC23E74D8F}.Release|Any CPU.ActiveCfg = Release|Any CPU
		{2A107EBD-6EE8-4439-9953-0BFC23E74D8F}.Release|Any CPU.Build.0 = Release|Any CPU
		{4369AE66-07B8-4479-AD32-FC2573A05091}.Debug|Any CPU.ActiveCfg = Debug|Any CPU
		{4369AE66-07B8-4479-AD32-FC2573A05091}.Debug|Any CPU.Build.0 = Debug|Any CPU
		{4369AE66-07B8-4479-AD32-FC2573A05091}.Release|Any CPU.ActiveCfg = Release|Any CPU
		{4369AE66-07B8-4479-AD32-FC2573A05091}.Release|Any CPU.Build.0 = Release|Any CPU
		{25CCFD79-4235-4150-9816-769DC2E36B60}.Debug|Any CPU.ActiveCfg = Debug|Any CPU
		{25CCFD79-4235-4150-9816-769DC2E36B60}.Debug|Any CPU.Build.0 = Debug|Any CPU
		{25CCFD79-4235-4150-9816-769DC2E36B60}.Release|Any CPU.ActiveCfg = Release|Any CPU
		{25CCFD79-4235-4150-9816-769DC2E36B60}.Release|Any CPU.Build.0 = Release|Any CPU
	EndGlobalSection
EndGlobal
